version = 1
revision = 3
requires-python = ">=3.13"

[[package]]
name = "lupa"
version = "2.6"
source = { registry = "https://pypi.org/simple" }
sdist = { url = "https://files.pythonhosted.org/packages/b8/1c/191c3e6ec6502e3dbe25a53e27f69a5daeac3e56de1f73c0138224171ead/lupa-2.6.tar.gz", hash = "sha256:9a770a6e89576be3447668d7ced312cd6fd41d3c13c2462c9dc2c2ab570e45d9", size = 7240282, upload-time = "2025-10-24T07:20:29.738Z" }
wheels = [
    { url = "https://files.pythonhosted.org/packages/28/1d/21176b682ca5469001199d8b95fa1737e29957a3d185186e7a8b55345f2e/lupa-2.6-cp313-cp313-macosx_11_0_arm64.whl", hash = "sha256:663a6e58a0f60e7d212017d6678639ac8df0119bc13c2145029dcba084391310", size = 947232, upload-time = "2025-10-24T07:18:27.878Z" },
    { url = "https://files.pythonhosted.org/packages/ce/4c/d327befb684660ca13cf79cd1f1d604331808f9f1b6fb6bf57832f8edf80/lupa-2.6-cp313-cp313-macosx_11_0_universal2.whl", hash = "sha256:d1f5afda5c20b1f3217a80e9bc1b77037f8a6eb11612fd3ada19065303c8f380", size = 1908625, upload-time = "2025-10-24T07:18:29.944Z" },
    { url = "https://files.pythonhosted.org/packages/66/8e/ad22b0a19454dfd08662237a84c792d6d420d36b061f239e084f29d1a4f3/lupa-2.6-cp313-cp313-macosx_11_0_x86_64.whl", hash = "sha256:26f2b3c085fe76e9119e48c1013c1cccdc1f51585d456858290475aa38e7089e", size = 981057, upload-time = "2025-10-24T07:18:31.553Z" },
    { url = "https://files.pythonhosted.org/packages/5c/48/74859073ab276bd0566c719f9ca0108b0cfc1956ca0d68678d117d47d155/lupa-2.6-cp313-cp313-manylinux2010_i686.manylinux_2_12_i686.manylinux_2_28_i686.whl", hash = "sha256:60d2f902c7b96fb8ab98493dcff315e7bb4d0b44dc9dd76eb37de575025d5685", size = 1156227, upload-time = "2025-10-24T07:18:33.981Z" },
    { url = "https://files.pythonhosted.org/packages/09/6c/0e9ded061916877253c2266074060eb71ed99fb21d73c8c114a76725bce2/lupa-2.6-cp313-cp313-manylinux2014_aarch64.manylinux_2_17_aarch64.manylinux_2_28_aarch64.whl", hash = "sha256:a02d25dee3a3250967c36590128d9220ae02f2eda166a24279da0b481519cbff", size = 1035752, upload-time = "2025-10-24T07:18:36.32Z" },
    { url = "https://files.pythonhosted.org/packages/dd/ef/f8c32e454ef9f3fe909f6c7d57a39f950996c37a3deb7b391fec7903dab7/lupa-2.6-cp313-cp313-manylinux2014_x86_64.manylinux_2_17_x86_64.manylinux_2_28_x86_64.whl", hash = "sha256:6eae1ee16b886b8914ff292dbefbf2f48abfbdee94b33a88d1d5475e02423203", size = 2069009, upload-time = "2025-10-24T07:18:38.072Z" },
    { url = "https://files.pythonhosted.org/packages/53/dc/15b80c226a5225815a890ee1c11f07968e0aba7a852df41e8ae6fe285063/lupa-2.6-cp313-cp313-musllinux_1_2_aarch64.whl", hash = "sha256:b0edd5073a4ee74ab36f74fe61450148e6044f3952b8d21248581f3c5d1a58be", size = 1056301, upload-time = "2025-10-24T07:18:40.165Z" },
    { url = "https://files.pythonhosted.org/packages/31/14/2086c1425c985acfb30997a67e90c39457122df41324d3c179d6ee2292c6/lupa-2.6-cp313-cp313-musllinux_1_2_i686.whl", hash = "sha256:0c53ee9f22a8a17e7d4266ad48e86f43771951797042dd51d1494aaa4f5f3f0a", size = 1170673, upload-time = "2025-10-24T07:18:42.426Z" },
    { url = "https://files.pythonhosted.org/packages/10/e5/b216c054cf86576c0191bf9a9f05de6f7e8e07164897d95eea0078dca9b2/lupa-2.6-cp313-cp313-musllinux_1_2_x86_64.whl", hash = "sha256:de7c0f157a9064a400d828789191a96da7f4ce889969a588b87ec80de9b14772", size = 2162227, upload-time = "2025-10-24T07:18:46.112Z" },
    { url = "https://files.pythonhosted.org/packages/59/2f/33ecb5bedf4f3bc297ceacb7f016ff951331d352f58e7e791589609ea306/lupa-2.6-cp313-cp313-win32.whl", hash = "sha256:ee9523941ae0a87b5b703417720c5d78f72d2f5bc23883a2ea80a949a3ed9e75", size = 1419558, upload-time = "2025-10-24T07:18:48.371Z" },
    { url = "https://files.pythonhosted.org/packages/f9/b4/55e885834c847ea610e111d87b9ed4768f0afdaeebc00cd46810f25029f6/lupa-2.6-cp313-cp313-win_amd64.whl", hash = "sha256:b1335a5835b0a25ebdbc75cf0bda195e54d133e4d994877ef025e218c2e59db9", size = 1683424, upload-time = "2025-10-24T07:18:50.976Z" },
    { url = "https://files.pythonhosted.org/packages/66/9d/d9427394e54d22a35d1139ef12e845fd700d4872a67a34db32516170b746/lupa-2.6-cp314-cp314-macosx_11_0_arm64.whl", hash = "sha256:dcb6d0a3264873e1653bc188499f48c1fb4b41a779e315eba45256cfe7bc33c1", size = 953818, upload-time = "2025-10-24T07:18:53.378Z" },
    { url = "https://files.pythonhosted.org/packages/10/41/27bbe81953fb2f9ecfced5d9c99f85b37964cfaf6aa8453bb11283983721/lupa-2.6-cp314-cp314-macosx_11_0_universal2.whl", hash = "sha256:a37e01f2128f8c36106726cb9d360bac087d58c54b4522b033cc5691c584db18", size = 1915850, upload-time = "2025-10-24T07:18:55.259Z" },
    { url = "https://files.pythonhosted.org/packages/a3/98/f9ff60db84a75ba8725506bbf448fb085bc77868a021998ed2a66d920568/lupa-2.6-cp314-cp314-macosx_11_0_x86_64.whl", hash = "sha256:458bd7e9ff3c150b245b0fcfbb9bd2593d1152ea7f0a7b91c1d185846da033fe", size = 982344, upload-time = "2025-10-24T07:18:57.05Z" },
    { url = "https://files.pythonhosted.org/packages/41/f7/f39e0f1c055c3b887d86b404aaf0ca197b5edfd235a8b81b45b25bac7fc3/lupa-2.6-cp314-cp314-manylinux2010_i686.manylinux_2_12_i686.manylinux_2_28_i686.whl", hash = "sha256:052ee82cac5206a02df77119c325339acbc09f5ce66967f66a2e12a0f3211cad", size = 1156543, upload-time = "2025-10-24T07:18:59.251Z" },
    { url = "https://files.pythonhosted.org/packages/9e/9c/59e6cffa0d672d662ae17bd7ac8ecd2c89c9449dee499e3eb13ca9cd10d9/lupa-2.6-cp314-cp314-manylinux2014_aarch64.manylinux_2_17_aarch64.manylinux_2_28_aarch64.whl", hash = "sha256:96594eca3c87dd07938009e95e591e43d554c1dbd0385be03c100367141db5a8", size = 1047974, upload-time = "2025-10-24T07:19:01.449Z" },
    { url = "https://files.pythonhosted.org/packages/23/c6/a04e9cef7c052717fcb28fb63b3824802488f688391895b618e39be0f684/lupa-2.6-cp314-cp314-manylinux2014_x86_64.manylinux_2_17_x86_64.manylinux_2_28_x86_64.whl", hash = "sha256:e8faddd9d198688c8884091173a088a8e920ecc96cda2ffed576a23574c4b3f6", size = 2073458, upload-time = "2025-10-24T07:19:03.369Z" },
    { url = "https://files.pythonhosted.org/packages/e6/10/824173d10f38b51fc77785228f01411b6ca28826ce27404c7c912e0e442c/lupa-2.6-cp314-cp314-musllinux_1_2_aarch64.whl", hash = "sha256:daebb3a6b58095c917e76ba727ab37b27477fb926957c825205fbda431552134", size = 1067683, upload-time = "2025-10-24T07:19:06.2Z" },
    { url = "https://files.pythonhosted.org/packages/b6/dc/9692fbcf3c924d9c4ece2d8d2f724451ac2e09af0bd2a782db1cef34e799/lupa-2.6-cp314-cp314-musllinux_1_2_i686.whl", hash = "sha256:f3154e68972befe0f81564e37d8142b5d5d79931a18309226a04ec92487d4ea3", size = 1171892, upload-time = "2025-10-24T07:19:08.544Z" },
    { url = "https://files.pythonhosted.org/packages/84/ff/e318b628d4643c278c96ab3ddea07fc36b075a57383c837f5b11e537ba9d/lupa-2.6-cp314-cp314-musllinux_1_2_x86_64.whl", hash = "sha256:e4dadf77b9fedc0bfa53417cc28dc2278a26d4cbd95c29f8927ad4d8fe0a7ef9", size = 2166641, upload-time = "2025-10-24T07:19:10.485Z" },
    { url = "https://files.pythonhosted.org/packages/12/f7/a6f9ec2806cf2d50826980cdb4b3cffc7691dc6f95e13cc728846d5cb793/lupa-2.6-cp314-cp314-win32.whl", hash = "sha256:cb34169c6fa3bab3e8ac58ca21b8a7102f6a94b6a5d08d3636312f3f02fafd8f", size = 1456857, upload-time = "2025-10-24T07:19:37.989Z" },
    { url = "https://files.pythonhosted.org/packages/c5/de/df71896f25bdc18360fdfa3b802cd7d57d7fede41a0e9724a4625b412c85/lupa-2.6-cp314-cp314-win_amd64.whl", hash = "sha256:b74f944fe46c421e25d0f8692aef1e842192f6f7f68034201382ac440ef9ea67", size = 1731191, upload-time = "2025-10-24T07:19:40.281Z" },
    { url = "https://files.pythonhosted.org/packages/47/3c/a1f23b01c54669465f5f4c4083107d496fbe6fb45998771420e9aadcf145/lupa-2.6-cp314-cp314t-macosx_11_0_arm64.whl", hash = "sha256:0e21b716408a21ab65723f8841cf7f2f37a844b7a965eeabb785e27fca4099cf", size = 999343, upload-time = "2025-10-24T07:19:12.519Z" },
    { url = "https://files.pythonhosted.org/packages/c5/6d/501994291cb640bfa2ccf7f554be4e6914afa21c4026bd01bff9ca8aac57/lupa-2.6-cp314-cp314t-macosx_11_0_universal2.whl", hash = "sha256:589db872a141bfff828340079bbdf3e9a31f2689f4ca0d88f97d9e8c2eae6142", size = 2000730, upload-time = "2025-10-24T07:19:14.869Z" },
    { url = "https://files.pythonhosted.org/packages/53/a5/457ffb4f3f20469956c2d4c4842a7675e884efc895b2f23d126d23e126cc/lupa-2.6-cp314-cp314t-macosx_11_0_x86_64.whl", hash = "sha256:cd852a91a4a9d4dcbb9a58100f820a75a425703ec3e3f049055f60b8533b7953", size = 1021553, upload-time = "2025-10-24T07:19:17.123Z" },
    { url = "https://files.pythonhosted.org/packages/51/6b/36bb5a5d0960f2a5c7c700e0819abb76fd9bf9c1d8a66e5106416d6e9b14/lupa-2.6-cp314-cp314t-manylinux2010_i686.manylinux_2_12_i686.manylinux_2_28_i686.whl", hash = "sha256:0334753be028358922415ca97a64a3048e4ed155413fc4eaf87dd0a7e2752983", size = 1133275, upload-time = "2025-10-24T07:19:20.51Z" },
    { url = "https://files.pythonhosted.org/packages/19/86/202ff4429f663013f37d2229f6176ca9f83678a50257d70f61a0a97281bf/lupa-2.6-cp314-cp314t-manylinux2014_aarch64.manylinux_2_17_aarch64.manylinux_2_28_aarch64.whl", hash = "sha256:661d895cd38c87658a34780fac54a690ec036ead743e41b74c3fb81a9e65a6aa", size = 1038441, upload-time = "2025-10-24T07:19:22.509Z" },
    { url = "https://files.pythonhosted.org/packages/a7/42/d8125f8e420714e5b52e9c08d88b5329dfb02dcca731b4f21faaee6cc5b5/lupa-2.6-cp314-cp314t-manylinux2014_x86_64.manylinux_2_17_x86_64.manylinux_2_28_x86_64.whl", hash = "sha256:6aa58454ccc13878cc177c62529a2056be734da16369e451987ff92784994ca7", size = 2058324, upload-time = "2025-10-24T07:19:24.979Z" },
    { url = "https://files.pythonhosted.org/packages/2b/2c/47bf8b84059876e877a339717ddb595a4a7b0e8740bacae78ba527562e1c/lupa-2.6-cp314-cp314t-musllinux_1_2_aarch64.whl", hash = "sha256:1425017264e470c98022bba8cff5bd46d054a827f5df6b80274f9cc71dafd24f", size = 1060250, upload-time = "2025-10-24T07:19:27.262Z" },
    { url = "https://files.pythonhosted.org/packages/c2/06/d88add2b6406ca1bdec99d11a429222837ca6d03bea42ca75afa169a78cb/lupa-2.6-cp314-cp314t-musllinux_1_2_i686.whl", hash = "sha256:224af0532d216e3105f0a127410f12320f7c5f1aa0300bdf9646b8d9afb0048c", size = 1151126, upload-time = "2025-10-24T07:19:29.522Z" },
    { url = "https://files.pythonhosted.org/packages/b4/a0/89e6a024c3b4485b89ef86881c9d55e097e7cb0bdb74efb746f2fa6a9a76/lupa-2.6-cp314-cp314t-musllinux_1_2_x86_64.whl", hash = "sha256:9abb98d5a8fd27c8285302e82199f0e56e463066f88f619d6594a450bf269d80", size = 2153693, upload-time = "2025-10-24T07:19:31.379Z" },
    { url = "https://files.pythonhosted.org/packages/b6/36/a0f007dc58fc1bbf51fb85dcc82fcb1f21b8c4261361de7dab0e3d8521ef/lupa-2.6-cp314-cp314t-win32.whl", hash = "sha256:1849efeba7a8f6fb8aa2c13790bee988fd242ae404bd459509640eeea3d1e291", size = 1590104, upload-time = "2025-10-24T07:19:33.514Z" },
    { url = "https://files.pythonhosted.org/packages/7d/5e/db903ce9cf82c48d6b91bf6d63ae4c8d0d17958939a4e04ba6b9f38b8643/lupa-2.6-cp314-cp314t-win_amd64.whl", hash = "sha256:fc1498d1a4fc028bc521c26d0fad4ca00ed63b952e32fb95949bda76a04bad52", size = 1913818, upload-time = "2025-10-24T07:19:36.039Z" },
]

[[package]]
name = "pyqt6"
version = "6.10.2"
source = { registry = "https://pypi.org/simple" }
dependencies = [
    { name = "pyqt6-qt6" },
    { name = "pyqt6-sip" },
]
sdist = { url = "https://files.pythonhosted.org/packages/96/03/e756f52e8b0d7bb5527baf8c46d59af0746391943bdb8655acba22ee4168/pyqt6-6.10.2.tar.gz", hash = "sha256:6c0db5d8cbb9a3e7e2b5b51d0ff3f283121fa27b864db6d2f35b663c9be5cc83", size = 1085573, upload-time = "2026-01-08T16:40:00.244Z" }
wheels = [
    { url = "https://files.pythonhosted.org/packages/fb/3f/f073a980969aa485ef288eb2e3b94c223ba9c7ac9941543f19b51659b98d/pyqt6-6.10.2-cp39-abi3-macosx_10_14_universal2.whl", hash = "sha256:37ae7c1183fe4dd0c6aefd2006a35731245de1cb6f817bb9e414a3e4848dfd6d", size = 60244482, upload-time = "2026-01-08T16:38:50.837Z" },
    { url = "https://files.pythonhosted.org/packages/ec/3e/9a015651ec71cea2e2f960c37edeb21623ba96a74956c0827def837f7c6b/pyqt6-6.10.2-cp39-abi3-manylinux_2_34_x86_64.whl", hash = "sha256:78e1b3d5763e4cbc84485aef600e0aba5e1932fd263b716f92cd1a40dfa5e924", size = 37899440, upload-time = "2026-01-08T16:39:09.027Z" },
    { url = "https://files.pythonhosted.org/packages/51/74/a88fec2b99700270ca5d7dc7d650236a4990ed6fc88e055ca0fc8a339ee3/pyqt6-6.10.2-cp39-abi3-manylinux_2_39_aarch64.whl", hash = "sha256:bbc3af541bbecd27301bfe69fe445aa1611a9b490bd3de77306b12df632f7ec6", size = 40748467, upload-time = "2026-01-08T16:39:29.551Z" },
    { url = "https://files.pythonhosted.org/packages/75/34/be7a55529607b21db00a49ca53cb07c3092d2a5a95ea19bb95cfa0346904/pyqt6-6.10.2-cp39-abi3-win_amd64.whl", hash = "sha256:bd328cb70bc382c48861cd5f0a11b2b8ae6f5692d5a2d6679ba52785dced327b", size = 26015391, upload-time = "2026-01-08T16:39:42.946Z" },
    { url = "https://files.pythonhosted.org/packages/af/de/d9c88f976602b7884fec4ad54a4575d48e23e4f390e5357ea83917358846/pyqt6-6.10.2-cp39-abi3-win_arm64.whl", hash = "sha256:7901ba1df024b7ee9fdacfb2b7661aeb3749ae8b0bef65428077de3e0450eabb", size = 26208415, upload-time = "2026-01-08T16:39:57.751Z" },
]

[[package]]
name = "pyqt6-qt6"
version = "6.10.1"
source = { registry = "https://pypi.org/simple" }
wheels = [
    { url = "https://files.pythonhosted.org/packages/54/1b/137184632cad83a210e7955226744a77945260ca2e75892fe36299d26ada/pyqt6_qt6-6.10.1-py3-none-macosx_10_14_x86_64.whl", hash = "sha256:4bb2798a95f624b462b70c4f185422235b714b01e55abab32af1740f147948e2", size = 68472463, upload-time = "2025-11-27T14:20:51.694Z" },
    { url = "https://files.pythonhosted.org/packages/af/df/ca795ac3d04243ad63499cfedcf92d8b5f6e3585a2a26c09f34cb58c8e44/pyqt6_qt6-6.10.1-py3-none-macosx_11_0_arm64.whl", hash = "sha256:0921cc522512cb40dbab673806bc1676924819550e0aec8e3f3fe6907387c5b7", size = 62296168, upload-time = "2025-11-27T14:21:21.232Z" },
    { url = "https://files.pythonhosted.org/packages/f4/7e/9867361252e2a4717dba95c64a0f3a793603f4a52cb9a46abbb041e960f5/pyqt6_qt6-6.10.1-py3-none-manylinux_2_34_x86_64.whl", hash = "sha256:04069aea421703b1269c8a1bcf017e36463af284a044239a4ebda3bde0a629fb", size = 83829262, upload-time = "2025-11-27T14:22:00.399Z" },
    { url = "https://files.pythonhosted.org/packages/9b/7b/18f4eb2273a92283fe4d87aa740a400eb14a4e41b8f990aaf563e9767db6/pyqt6_qt6-6.10.1-py3-none-manylinux_2_39_aarch64.whl", hash = "sha256:5b9be39e0120e32d0b42cdb844e3ae110ddadd39629c991e511902c06f155aff", size = 82877396, upload-time = "2025-11-27T14:22:36.994Z" },
    { url = "https://files.pythonhosted.org/packages/53/5c/648c515d57bc82909d0597befb03bbc2f7a570f323dba3ad38629669efcb/pyqt6_qt6-6.10.1-py3-none-win_amd64.whl", hash = "sha256:df564d3dc2863b1fde22b39bea9f56ceb2a3ed7d6f0b76d3f96c2d3bc5d71516", size = 76670151, upload-time = "2025-11-27T14:23:11.172Z" },
    { url = "https://files.pythonhosted.org/packages/0a/13/2d2a9c0559bfa53effea5e2c1ed7aebb430186ce0b64cfba235231a049d9/pyqt6_qt6-6.10.1-py3-none-win_arm64.whl", hash = "sha256:48282e0f99682daf4f1e220cfe9f41255e003af38f7728a30d40c76e55c89816", size = 58276316, upload-time = "2025-11-27T14:23:38.744Z" },
]

[[package]]
name = "pyqt6-sip"
version = "13.10.3"
source = { registry = "https://pypi.org/simple" }
sdist = { url = "https://files.pythonhosted.org/packages/0d/e9/d1b97154cec1d6c8a3d93fb6565d1463bc528fa5103491d626d07a451c7c/pyqt6_sip-13.10.3.tar.gz", hash = "sha256:630895b3827e2c3b4e072089157985691fe4210d64340e71141f93775ea4ae51", size = 92621, upload-time = "2025-12-06T13:19:44.569Z" }
wheels = [
    { url = "https://files.pythonhosted.org/packages/0c/a9/25a07fb16308e9405ac01369013943ae58bef72c8700d8a6100182b8d937/pyqt6_sip-13.10.3-cp313-cp313-macosx_10_13_universal2.whl", hash = "sha256:a8b5532398c0e6d0064d4dce4c096ff20bf710507dafefb036eff61c3f59cda8", size = 112348, upload-time = "2025-12-06T13:19:33.323Z" },
    { url = "https://files.pythonhosted.org/packages/4a/f1/38b625b0638681659bc3c7eaa548b65862a305d26b48835b67cdd6add720/pyqt6_sip-13.10.3-cp313-cp313-manylinux1_x86_64.manylinux_2_5_x86_64.whl", hash = "sha256:d02c138c6eacb13ef668bfe6becfb6ab40bb40135f34a36ef31b7dc860976493", size = 301470, upload-time = "2025-12-06T13:19:35.824Z" },
    { url = "https://files.pythonhosted.org/packages/cd/8d/a2eaccc88cc53e6370e3728593ea80d10a132f87078ce7cbcfc8c33d9b3f/pyqt6_sip-13.10.3-cp313-cp313-manylinux_2_17_aarch64.manylinux2014_aarch64.whl", hash = "sha256:e234a3af9539f71bb566e7136317b92f189a89553970284d833cd63cca4dafdd", size = 323466, upload-time = "2025-12-06T13:19:34.445Z" },
    { url = "https://files.pythonhosted.org/packages/47/f8/55a93c3eda94c94fc10c2537f55ca98d9bb1982bf65c03ee2302c250b6aa/pyqt6_sip-13.10.3-cp313-cp313-win_amd64.whl", hash = "sha256:a856b9b2a4700c8dded1c870811d5ba26722238d57c9098904a99570429d112b", size = 53468, upload-time = "2025-12-06T13:19:36.877Z" },
    { url = "https://files.pythonhosted.org/packages/41/a3/ee0633507350442580a2cd893e4edb7170d87fef1c790365e7bc4999ce40/pyqt6_sip-13.10.3-cp313-cp313-win_arm64.whl", hash = "sha256:9e48e5d6ac9e1a61d5abdfb2191a0ffb19948eefd5adacdd0c1dedbed06222aa", size = 48645, upload-time = "2025-12-06T13:19:38.216Z" },
    { url = "https://files.pythonhosted.org/packages/a1/70/a22362c2632d07d8e29431418e0485f12a41b3c4844f15b60ca5a969e01c/pyqt6_sip-13.10.3-cp314-cp314-macosx_10_15_universal2.whl", hash = "sha256:eb7afe41329ce2eca99118f01776a047a2a150c550258dff1746505af223f997", size = 112432, upload-time = "2025-12-06T13:19:39.153Z" },
    { url = "https://files.pythonhosted.org/packages/25/72/e0a7e4489ea5b948aef707a7d76baf6722a65aabd7e4d3c253583eb6b268/pyqt6_sip-13.10.3-cp314-cp314-manylinux1_x86_64.manylinux_2_5_x86_64.whl", hash = "sha256:6122fe4ccba5a5023581c2c3c57deab6eab56d8e931beec20b05666a46a38e6a", size = 301341, upload-time = "2025-12-06T13:19:41.642Z" },
    { url = "https://files.pythonhosted.org/packages/1f/43/0a648469a7e4f07df1c4ad6443f892e55631f24f7af30c7c946e458a82d1/pyqt6_sip-13.10.3-cp314-cp314-manylinux_2_17_aarch64.manylinux2014_aarch64.whl", hash = "sha256:3286a98e93608d51048e9046f557117424c8366be266b33ff852ee54ffa7b9bf", size = 324062, upload-time = "2025-12-06T13:19:40.308Z" },
    { url = "https://files.pythonhosted.org/packages/f3/0d/67d2095a932c007210437318c31fbc8376deb4e4491907861c4b9ac4ad9e/pyqt6_sip-13.10.3-cp314-cp314-win_amd64.whl", hash = "sha256:4fc6229ba7276266e3805b5517e7413cba79538f0c3ce7d2042a2027a90f99cf", size = 55076, upload-time = "2025-12-06T13:19:42.61Z" },
    { url = "https://files.pythonhosted.org/packages/f8/cd/f121be0271dc73d54f3580584103c046a8d2c06a2686b594b77fd677a5ef/pyqt6_sip-13.10.3-cp314-cp314-win_arm64.whl", hash = "sha256:efef47667ca009557d7ecf985b15f0bf440584fd634ee0eab19ec296effc7cca", size = 49464, upload-time = "2025-12-06T13:19:43.638Z" },
]

[[package]]
name = "pyqt6-webengine"
version = "6.10.0"
source = { registry = "https://pypi.org/simple" }
dependencies = [
    { name = "pyqt6" },
    { name = "pyqt6-sip" },
    { name = "pyqt6-webengine-qt6" },
]
sdist = { url = "https://files.pythonhosted.org/packages/5f/5d/355dfe41246c611e861a1e88b43173b57c1b56a550bea12cfeaafbc7e6b6/pyqt6_webengine-6.10.0.tar.gz", hash = "sha256:267d27275d0c79ae270bca4b03520a41fa7e85c2a4d9632da8cb9cc233a55ad1", size = 37053, upload-time = "2025-10-22T12:08:54.709Z" }
wheels = [
    { url = "https://files.pythonhosted.org/packages/7b/d6/dd16a44378deecaeea747eb85c3cb816ac5bc30ea8622d647588415f57ad/pyqt6_webengine-6.10.0-1-cp39-abi3-manylinux_2_34_x86_64.whl", hash = "sha256:95dc3c0c36c0e4eb4024e4fdbcfa1c5593a88e16de1563431a422084bec26974", size = 1305797, upload-time = "2025-10-24T18:33:34.249Z" },
    { url = "https://files.pythonhosted.org/packages/10/33/93edafa15fb76d1949adf9a035676c074bd8c4335f81ea1e1f20a7c47f68/pyqt6_webengine-6.10.0-cp39-abi3-macosx_10_14_universal2.whl", hash = "sha256:13d25cb332f553f7e811532e34bd82c811590b5fef553926b13c854548523112", size = 2374354, upload-time = "2025-10-22T12:08:48.249Z" },
    { url = "https://files.pythonhosted.org/packages/0a/43/bfb9b8faa50f6b94d34881303777225b255a081f95df1b177002598ef22b/pyqt6_webengine-6.10.0-cp39-abi3-manylinux_2_34_x86_64.whl", hash = "sha256:9911b7b3995bc1cff8fec142c2817ee0bbdbaea18b94aebaa6bc23e13941d0b2", size = 1336461, upload-time = "2025-10-22T12:08:50.038Z" },
    { url = "https://files.pythonhosted.org/packages/16/6d/0964bc6674f00f1a8161f3c2d26ce1507b73b5a09361c204002b1a32512d/pyqt6_webengine-6.10.0-cp39-abi3-manylinux_2_39_aarch64.whl", hash = "sha256:cd2c24ab5ee9142fc34b8a21e12255dcf61bdc15aff3eccd00b1cb91a1b1fbf8", size = 1430142, upload-time = "2025-10-22T12:08:51.318Z" },
    { url = "https://files.pythonhosted.org/packages/7d/2f/3239e1f5a6c063937a8a4c6ad7f4899367d20bc7ee3f655c54b11ca7096e/pyqt6_webengine-6.10.0-cp39-abi3-win_amd64.whl", hash = "sha256:3794edbefd62ae95cd5e760b7a91b7b6473e83b635ad3f3c4a78e58c95e1e460", size = 866181, upload-time = "2025-10-22T12:08:52.484Z" },
    { url = "https://files.pythonhosted.org/packages/d0/e9/6567e64cf5716f3c475495201b991407ad2ee01125199f60f45271925152/pyqt6_webengine-6.10.0-cp39-abi3-win_arm64.whl", hash = "sha256:65e74dbe7a3a0c746e7ec68718f1937368cb10c1f8a242335577f6710f8f94bd", size = 861061, upload-time = "2025-10-22T12:08:53.731Z" },
]

[[package]]
name = "pyqt6-webengine-qt6"
version = "6.10.1"
source = { registry = "https://pypi.org/simple" }
wheels = [
    { url = "https://files.pythonhosted.org/packages/7e/43/74b238c03741848b0ef0323e2a1b5c10e783b251b1e8dc006e35ea7db91a/pyqt6_webengine_qt6-6.10.1-py3-none-macosx_10_14_x86_64.whl", hash = "sha256:2709583bc9be99dd523fe7157ce018a35e1e4206a7e0008274f126c12ecd79d1", size = 122712662, upload-time = "2025-11-27T14:27:08.122Z" },
    { url = "https://files.pythonhosted.org/packages/09/d4/22c079e19319c73558f7f1b869b6cb952549e4599a9342b5cda84e97ebba/pyqt6_webengine_qt6-6.10.1-py3-none-macosx_11_0_arm64.whl", hash = "sha256:e1d5f46e90259d02e809dbf9c3e57f58c64da260f8abdad9530e5b5444184306", size = 109529132, upload-time = "2025-11-27T14:27:56.16Z" },
    { url = "https://files.pythonhosted.org/packages/47/75/e678f19d4913d12837dd94b50e66e3f41ad87522b4ae328b11b3edf0997a/pyqt6_webengine_qt6-6.10.1-py3-none-manylinux_2_34_x86_64.whl", hash = "sha256:ca1404eb035e3343fc1b88bd418f47fed4fe907012812788902598783c582901", size = 113905746, upload-time = "2025-11-27T14:28:45.491Z" },
    { url = "https://files.pythonhosted.org/packages/8a/27/6be0c921777ec5db9548edfb1f891f53166f85db63e532ef0d8ba124da71/pyqt6_webengine_qt6-6.10.1-py3-none-manylinux_2_39_aarch64.whl", hash = "sha256:76545e9b104802140db344c7bb513a8d732e80f68dc16d158f7fb11feaa28eaa", size = 109504644, upload-time = "2025-11-27T14:29:33.403Z" },
    { url = "https://files.pythonhosted.org/packages/35/6d/ee4a1008b8137d392ee3c4cd3816e00cd60fbb645b0aafa88923d96c1176/pyqt6_webengine_qt6-6.10.1-py3-none-win_amd64.whl", hash = "sha256:5a572b7f96edc98e457e652c380f9c605e1112532723932fa01d2625f331121e", size = 130615208, upload-time = "2025-11-27T14:30:38.142Z" },
    { url = "https://files.pythonhosted.org/packages/e2/ae/e7bd509ea026cc6c9ac0435a5fb7dbc182279094f10c488d59a774354aec/pyqt6_webengine_qt6-6.10.1-py3-none-win_arm64.whl", hash = "sha256:50b8f2be23b4989abb6f62b19f7ca80dd4f1d48e46e954ba63fd4d5de3ef856e", size = 112832551, upload-time = "2025-11-27T14:31:28.191Z" },
]

[[package]]
name = "tarium-browser"
version = "0.1.0"
source = { virtual = "." }
dependencies = [
    { name = "lupa" },
    { name = "pyqt6" },
    { name = "pyqt6-webengine" },
]

[package.metadata]
requires-dist = [
    { name = "lupa", specifier = ">=2.0" },
    { name = "pyqt6", specifier = ">=6.10.2" },
    { name = "pyqt6-webengine", specifier = ">=6.10.0" },
]
