version = 1
revision = 3
requires-python = ">=3.13"

[[package]]
name = "browsr"
version = "0.1.0"
source = { virtual = "." }
dependencies = [
    { name = "pyqt6" },
    { name = "pyqt6-webengine" },
]

[package.metadata]
requires-dist = [
    { name = "pyqt6", specifier = ">=6.10.2" },
    { name = "pyqt6-webengine", specifier = ">=6.10.0" },
]

[[package]]
name = "pyqt6"
version = "6.10.2"
source = { registry = "https://pypi.org/simple" }
dependencies = [
    { name = "pyqt6-qt6" },
    { name = "pyqt6-sip" },
]
sdist = { url = "https://files.pythonhosted.org/packages/96/03/e756f52e8b0d7bb5527baf8c46d59af0746391943bdb8655acba22ee4168/pyqt6-6.10.2.tar.gz", hash = "sha256:6c0db5d8cbb9a3e7e2b5b51d0ff3f283121fa27b864db6d2f35b663c9be5cc83", size = 1085573, upload-time = "2026-01-08T16:40:00.244Z" }
wheels = [
    { url = "https://files.pythonhosted.org/packages/fb/3f/f073a980969aa485ef288eb2e3b94c223ba9c7ac9941543f19b51659b98d/pyqt6-6.10.2-cp39-abi3-macosx_10_14_universal2.whl", hash = "sha256:37ae7c1183fe4dd0c6aefd2006a35731245de1cb6f817bb9e414a3e4848dfd6d", size = 60244482, upload-time = "2026-01-08T16:38:50.837Z" },
    { url = "https://files.pythonhosted.org/packages/ec/3e/9a015651ec71cea2e2f960c37edeb21623ba96a74956c0827def837f7c6b/pyqt6-6.10.2-cp39-abi3-manylinux_2_34_x86_64.whl", hash = "sha256:78e1b3d5763e4cbc84485aef600e0aba5e1932fd263b716f92cd1a40dfa5e924", size = 37899440, upload-time = "2026-01-08T16:39:09.027Z" },
    { url = "https://files.pythonhosted.org/packages/51/74/a88fec2b99700270ca5d7dc7d650236a4990ed6fc88e055ca0fc8a339ee3/pyqt6-6.10.2-cp39-abi3-manylinux_2_39_aarch64.whl", hash = "sha256:bbc3af541bbecd27301bfe69fe445aa1611a9b490bd3de77306b12df632f7ec6", size = 40748467, upload-time = "2026-01-08T16:39:29.551Z" },
    { url = "https://files.pythonhosted.org/packages/75/34/be7a55529607b21db00a49ca53cb07c3092d2a5a95ea19bb95cfa0346904/pyqt6-6.10.2-cp39-abi3-win_amd64.whl", hash = "sha256:bd328cb70bc382c48861cd5f0a11b2b8ae6f5692d5a2d6679ba52785dced327b", size = 26015391, upload-time = "2026-01-08T16:39:42.946Z" },
    { url = "https://files.pythonhosted.org/packages/af/de/d9c88f976602b7884fec4ad54a4575d48e23e4f390e5357ea83917358846/pyqt6-6.10.2-cp39-abi3-win_arm64.whl", hash = "sha256:7901ba1df024b7ee9fdacfb2b7661aeb3749ae8b0bef65428077de3e0450eabb", size = 26208415, upload-time = "2026-01-08T16:39:57.751Z" },
]

[[package]]
name = "pyqt6-qt6"
version = "6.10.1"
source = { registry = "https://pypi.org/simple" }
wheels = [
    { url = "https://files.pythonhosted.org/packages/54/1b/137184632cad83a210e7955226744a77945260ca2e75892fe36299d26ada/pyqt6_qt6-6.10.1-py3-none-macosx_10_14_x86_64.whl", hash = "sha256:4bb2798a95f624b462b70c4f185422235b714b01e55abab32af1740f147948e2", size = 68472463, upload-time = "2025-11-27T14:20:51.694Z" },
    { url = "https://files.pythonhosted.org/packages/af/df/ca795ac3d04243ad63499cfedcf92d8b5f6e3585a2a26c09f34cb58c8e44/pyqt6_qt6-6.10.1-py3-none-macosx_11_0_arm64.whl", hash = "sha256:0921cc522512cb40dbab673806bc1676924819550e0aec8e3f3fe6907387c5b7", size = 62296168, upload-time = "2025-11-27T14:21:21.232Z" },
    { url = "https://files.pythonhosted.org/packages/f4/7e/9867361252e2a4717dba95c64a0f3a793603f4a52cb9a46abbb041e960f5/pyqt6_qt6-6.10.1-py3-none-manylinux_2_34_x86_64.whl", hash = "sha256:04069aea421703b1269c8a1bcf017e36463af284a044239a4ebda3bde0a629fb", size = 83829262, upload-time = "2025-11-27T14:22:00.399Z" },
    { url = "https://files.pythonhosted.org/packages/9b/7b/18f4eb2273a92283fe4d87aa740a400eb14a4e41b8f990aaf563e9767db6/pyqt6_qt6-6.10.1-py3-none-manylinux_2_39_aarch64.whl", hash = "sha256:5b9be39e0120e32d0b42cdb844e3ae110ddadd39629c991e511902c06f155aff", size = 82877396, upload-time = "2025-11-27T14:22:36.994Z" },
    { url = "https://files.pythonhosted.org/packages/53/5c/648c515d57bc82909d0597befb03bbc2f7a570f323dba3ad38629669efcb/pyqt6_qt6-6.10.1-py3-none-win_amd64.whl", hash = "sha256:df564d3dc2863b1fde22b39bea9f56ceb2a3ed7d6f0b76d3f96c2d3bc5d71516", size = 76670151, upload-time = "2025-11-27T14:23:11.172Z" },
    { url = "https://files.pythonhosted.org/packages/0a/13/2d2a9c0559bfa53effea5e2c1ed7aebb430186ce0b64cfba235231a049d9/pyqt6_qt6-6.10.1-py3-none-win_arm64.whl", hash = "sha256:48282e0f99682daf4f1e220cfe9f41255e003af38f7728a30d40c76e55c89816", size = 58276316, upload-time = "2025-11-27T14:23:38.744Z" },
]

[[package]]
name = "pyqt6-sip"
version = "13.10.3"
source = { registry = "https://pypi.org/simple" }
sdist = { url = "https://files.pythonhosted.org/packages/0d/e9/d1b97154cec1d6c8a3d93fb6565d1463bc528fa5103491d626d07a451c7c/pyqt6_sip-13.10.3.tar.gz", hash = "sha256:630895b3827e2c3b4e072089157985691fe4210d64340e71141f93775ea4ae51", size = 92621, upload-time = "2025-12-06T13:19:44.569Z" }
wheels = [
    { url = "https://files.pythonhosted.org/packages/0c/a9/25a07fb16308e9405ac01369013943ae58bef72c8700d8a6100182b8d937/pyqt6_sip-13.10.3-cp313-cp313-macosx_10_13_universal2.whl", hash = "sha256:a8b5532398c0e6d0064d4dce4c096ff20bf710507dafefb036eff61c3f59cda8", size = 112348, upload-time = "2025-12-06T13:19:33.323Z" },
    { url = "https://files.pythonhosted.org/packages/4a/f1/38b625b0638681659bc3c7eaa548b65862a305d26b48835b67cdd6add720/pyqt6_sip-13.10.3-cp313-cp313-manylinux1_x86_64.manylinux_2_5_x86_64.whl", hash = "sha256:d02c138c6eacb13ef668bfe6becfb6ab40bb40135f34a36ef31b7dc860976493", size = 301470, upload-time = "2025-12-06T13:19:35.824Z" },
    { url = "https://files.pythonhosted.org/packages/cd/8d/a2eaccc88cc53e6370e3728593ea80d10a132f87078ce7cbcfc8c33d9b3f/pyqt6_sip-13.10.3-cp313-cp313-manylinux_2_17_aarch64.manylinux2014_aarch64.whl", hash = "sha256:e234a3af9539f71bb566e7136317b92f189a89553970284d833cd63cca4dafdd", size = 323466, upload-time = "2025-12-06T13:19:34.445Z" },
    { url = "https://files.pythonhosted.org/packages/47/f8/55a93c3eda94c94fc10c2537f55ca98d9bb1982bf65c03ee2302c250b6aa/pyqt6_sip-13.10.3-cp313-cp313-win_amd64.whl", hash = "sha256:a856b9b2a4700c8dded1c870811d5ba26722238d57c9098904a99570429d112b", size = 53468, upload-time = "2025-12-06T13:19:36.877Z" },
    { url = "https://files.pythonhosted.org/packages/41/a3/ee0633507350442580a2cd893e4edb7170d87fef1c790365e7bc4999ce40/pyqt6_sip-13.10.3-cp313-cp313-win_arm64.whl", hash = "sha256:9e48e5d6ac9e1a61d5abdfb2191a0ffb19948eefd5adacdd0c1dedbed06222aa", size = 48645, upload-time = "2025-12-06T13:19:38.216Z" },
    { url = "https://files.pythonhosted.org/packages/a1/70/a22362c2632d07d8e29431418e0485f12a41b3c4844f15b60ca5a969e01c/pyqt6_sip-13.10.3-cp314-cp314-macosx_10_15_universal2.whl", hash = "sha256:eb7afe41329ce2eca99118f01776a047a2a150c550258dff1746505af223f997", size = 112432, upload-time = "2025-12-06T13:19:39.153Z" },
    { url = "https://files.pythonhosted.org/packages/25/72/e0a7e4489ea5b948aef707a7d76baf6722a65aabd7e4d3c253583eb6b268/pyqt6_sip-13.10.3-cp314-cp314-manylinux1_x86_64.manylinux_2_5_x86_64.whl", hash = "sha256:6122fe4ccba5a5023581c2c3c57deab6eab56d8e931beec20b05666a46a38e6a", size = 301341, upload-time = "2025-12-06T13:19:41.642Z" },
    { url = "https://files.pythonhosted.org/packages/1f/43/0a648469a7e4f07df1c4ad6443f892e55631f24f7af30c7c946e458a82d1/pyqt6_sip-13.10.3-cp314-cp314-manylinux_2_17_aarch64.manylinux2014_aarch64.whl", hash = "sha256:3286a98e93608d51048e9046f557117424c8366be266b33ff852ee54ffa7b9bf", size = 324062, upload-time = "2025-12-06T13:19:40.308Z" },
    { url = "https://files.pythonhosted.org/packages/f3/0d/67d2095a932c007210437318c31fbc8376deb4e4491907861c4b9ac4ad9e/pyqt6_sip-13.10.3-cp314-cp314-win_amd64.whl", hash = "sha256:4fc6229ba7276266e3805b5517e7413cba79538f0c3ce7d2042a2027a90f99cf", size = 55076, upload-time = "2025-12-06T13:19:42.61Z" },
    { url = "https://files.pythonhosted.org/packages/f8/cd/f121be0271dc73d54f3580584103c046a8d2c06a2686b594b77fd677a5ef/pyqt6_sip-13.10.3-cp314-cp314-win_arm64.whl", hash = "sha256:efef47667ca009557d7ecf985b15f0bf440584fd634ee0eab19ec296effc7cca", size = 49464, upload-time = "2025-12-06T13:19:43.638Z" },
]

[[package]]
name = "pyqt6-webengine"
version = "6.10.0"
source = { registry = "https://pypi.org/simple" }
dependencies = [
    { name = "pyqt6" },
    { name = "pyqt6-sip" },
    { name = "pyqt6-webengine-qt6" },
]
sdist = { url = "https://files.pythonhosted.org/packages/5f/5d/355dfe41246c611e861a1e88b43173b57c1b56a550bea12cfeaafbc7e6b6/pyqt6_webengine-6.10.0.tar.gz", hash = "sha256:267d27275d0c79ae270bca4b03520a41fa7e85c2a4d9632da8cb9cc233a55ad1", size = 37053, upload-time = "2025-10-22T12:08:54.709Z" }
wheels = [
    { url = "https://files.pythonhosted.org/packages/7b/d6/dd16a44378deecaeea747eb85c3cb816ac5bc30ea8622d647588415f57ad/pyqt6_webengine-6.10.0-1-cp39-abi3-manylinux_2_34_x86_64.whl", hash = "sha256:95dc3c0c36c0e4eb4024e4fdbcfa1c5593a88e16de1563431a422084bec26974", size = 1305797, upload-time = "2025-10-24T18:33:34.249Z" },
    { url = "https://files.pythonhosted.org/packages/10/33/93edafa15fb76d1949adf9a035676c074bd8c4335f81ea1e1f20a7c47f68/pyqt6_webengine-6.10.0-cp39-abi3-macosx_10_14_universal2.whl", hash = "sha256:13d25cb332f553f7e811532e34bd82c811590b5fef553926b13c854548523112", size = 2374354, upload-time = "2025-10-22T12:08:48.249Z" },
    { url = "https://files.pythonhosted.org/packages/0a/43/bfb9b8faa50f6b94d34881303777225b255a081f95df1b177002598ef22b/pyqt6_webengine-6.10.0-cp39-abi3-manylinux_2_34_x86_64.whl", hash = "sha256:9911b7b3995bc1cff8fec142c2817ee0bbdbaea18b94aebaa6bc23e13941d0b2", size = 1336461, upload-time = "2025-10-22T12:08:50.038Z" },
    { url = "https://files.pythonhosted.org/packages/16/6d/0964bc6674f00f1a8161f3c2d26ce1507b73b5a09361c204002b1a32512d/pyqt6_webengine-6.10.0-cp39-abi3-manylinux_2_39_aarch64.whl", hash = "sha256:cd2c24ab5ee9142fc34b8a21e12255dcf61bdc15aff3eccd00b1cb91a1b1fbf8", size = 1430142, upload-time = "2025-10-22T12:08:51.318Z" },
    { url = "https://files.pythonhosted.org/packages/7d/2f/3239e1f5a6c063937a8a4c6ad7f4899367d20bc7ee3f655c54b11ca7096e/pyqt6_webengine-6.10.0-cp39-abi3-win_amd64.whl", hash = "sha256:3794edbefd62ae95cd5e760b7a91b7b6473e83b635ad3f3c4a78e58c95e1e460", size = 866181, upload-time = "2025-10-22T12:08:52.484Z" },
    { url = "https://files.pythonhosted.org/packages/d0/e9/6567e64cf5716f3c475495201b991407ad2ee01125199f60f45271925152/pyqt6_webengine-6.10.0-cp39-abi3-win_arm64.whl", hash = "sha256:65e74dbe7a3a0c746e7ec68718f1937368cb10c1f8a242335577f6710f8f94bd", size = 861061, upload-time = "2025-10-22T12:08:53.731Z" },
]

[[package]]
name = "pyqt6-webengine-qt6"
version = "6.10.1"
source = { registry = "https://pypi.org/simple" }
wheels = [
    { url = "https://files.pythonhosted.org/packages/7e/43/74b238c03741848b0ef0323e2a1b5c10e783b251b1e8dc006e35ea7db91a/pyqt6_webengine_qt6-6.10.1-py3-none-macosx_10_14_x86_64.whl", hash = "sha256:2709583bc9be99dd523fe7157ce018a35e1e4206a7e0008274f126c12ecd79d1", size = 122712662, upload-time = "2025-11-27T14:27:08.122Z" },
    { url = "https://files.pythonhosted.org/packages/09/d4/22c079e19319c73558f7f1b869b6cb952549e4599a9342b5cda84e97ebba/pyqt6_webengine_qt6-6.10.1-py3-none-macosx_11_0_arm64.whl", hash = "sha256:e1d5f46e90259d02e809dbf9c3e57f58c64da260f8abdad9530e5b5444184306", size = 109529132, upload-time = "2025-11-27T14:27:56.16Z" },
    { url = "https://files.pythonhosted.org/packages/47/75/e678f19d4913d12837dd94b50e66e3f41ad87522b4ae328b11b3edf0997a/pyqt6_webengine_qt6-6.10.1-py3-none-manylinux_2_34_x86_64.whl", hash = "sha256:ca1404eb035e3343fc1b88bd418f47fed4fe907012812788902598783c582901", size = 113905746, upload-time = "2025-11-27T14:28:45.491Z" },
    { url = "https://files.pythonhosted.org/packages/8a/27/6be0c921777ec5db9548edfb1f891f53166f85db63e532ef0d8ba124da71/pyqt6_webengine_qt6-6.10.1-py3-none-manylinux_2_39_aarch64.whl", hash = "sha256:76545e9b104802140db344c7bb513a8d732e80f68dc16d158f7fb11feaa28eaa", size = 109504644, upload-time = "2025-11-27T14:29:33.403Z" },
    { url = "https://files.pythonhosted.org/packages/35/6d/ee4a1008b8137d392ee3c4cd3816e00cd60fbb645b0aafa88923d96c1176/pyqt6_webengine_qt6-6.10.1-py3-none-win_amd64.whl", hash = "sha256:5a572b7f96edc98e457e652c380f9c605e1112532723932fa01d2625f331121e", size = 130615208, upload-time = "2025-11-27T14:30:38.142Z" },
    { url = "https://files.pythonhosted.org/packages/e2/ae/e7bd509ea026cc6c9ac0435a5fb7dbc182279094f10c488d59a774354aec/pyqt6_webengine_qt6-6.10.1-py3-none-win_arm64.whl", hash = "sha256:50b8f2be23b4989abb6f62b19f7ca80dd4f1d48e46e954ba63fd4d5de3ef856e", size = 112832551, upload-time = "2025-11-27T14:31:28.191Z" },
]
